// !$*UTF8*$!
{
	archiveVersion = 1;
	classes = {
	};
	objectVersion = 50;
	objects = {

/* Begin PBXBuildFile section */
		2BE60B192318414600262EE1 /* AppDelegate.swift in Sources */ = {isa = PBXBuildFile; fileRef = 2BE60B182318414600262EE1 /* AppDelegate.swift */; };
		2BE60B1B2318414600262EE1 /* ViewController.swift in Sources */ = {isa = PBXBuildFile; fileRef = 2BE60B1A2318414600262EE1 /* ViewController.swift */; };
		2BE60B202318414800262EE1 /* Assets.xcassets in Resources */ = {isa = PBXBuildFile; fileRef = 2BE60B1F2318414800262EE1 /* Assets.xcassets */; };
		2BE60B232318414800262EE1 /* LaunchScreen.storyboard in Resources */ = {isa = PBXBuildFile; fileRef = 2BE60B212318414800262EE1 /* LaunchScreen.storyboard */; };
		2BE60B2E2318414800262EE1 /* TonikTests.swift in Sources */ = {isa = PBXBuildFile; fileRef = 2BE60B2D2318414800262EE1 /* TonikTests.swift */; };
/* End PBXBuildFile section */

/* Begin PBXContainerItemProxy section */
		2BE60B2A2318414800262EE1 /* PBXContainerItemProxy */ = {
			isa = PBXContainerItemProxy;
			containerPortal = 2BE60B0D2318414600262EE1 /* Project object */;
			proxyType = 1;
			remoteGlobalIDString = 2BE60B142318414600262EE1;
			remoteInfo = Tonik;
		};
/* End PBXContainerItemProxy section */

/* Begin PBXFileReference section */
		2BE60B152318414600262EE1 /* Tonik.app */ = {isa = PBXFileReference; explicitFileType = wrapper.application; includeInIndex = 0; path = Tonik.app; sourceTree = BUILT_PRODUCTS_DIR; };
		2BE60B182318414600262EE1 /* AppDelegate.swift */ = {isa = PBXFileReference; lastKnownFileType = sourcecode.swift; path = AppDelegate.swift; sourceTree = "<group>"; };
		2BE60B1A2318414600262EE1 /* ViewController.swift */ = {isa = PBXFileReference; lastKnownFileType = sourcecode.swift; path = ViewController.swift; sourceTree = "<group>"; };
		2BE60B1F2318414800262EE1 /* Assets.xcassets */ = {isa = PBXFileReference; lastKnownFileType = folder.assetcatalog; path = Assets.xcassets; sourceTree = "<group>"; };
		2BE60B222318414800262EE1 /* Base */ = {isa = PBXFileReference; lastKnownFileType = file.storyboard; name = Base; path = Base.lproj/LaunchScreen.storyboard; sourceTree = "<group>"; };
		2BE60B242318414800262EE1 /* Info.plist */ = {isa = PBXFileReference; lastKnownFileType = text.plist.xml; path = Info.plist; sourceTree = "<group>"; };
		2BE60B292318414800262EE1 /* TonikTests.xctest */ = {isa = PBXFileReference; explicitFileType = wrapper.cfbundle; includeInIndex = 0; path = TonikTests.xctest; sourceTree = BUILT_PRODUCTS_DIR; };
		2BE60B2D2318414800262EE1 /* TonikTests.swift */ = {isa = PBXFileReference; lastKnownFileType = sourcecode.swift; path = TonikTests.swift; sourceTree = "<group>"; };
		2BE60B2F2318414800262EE1 /* Info.plist */ = {isa = PBXFileReference; lastKnownFileType = text.plist.xml; path = Info.plist; sourceTree = "<group>"; };
/* End PBXFileReference section */

/* Begin PBXFrameworksBuildPhase section */
		2BE60B122318414600262EE1 /* Frameworks */ = {
			isa = PBXFrameworksBuildPhase;
			buildActionMask = 2147483647;
			files = (
			);
			runOnlyForDeploymentPostprocessing = 0;
		};
		2BE60B262318414800262EE1 /* Frameworks */ = {
			isa = PBXFrameworksBuildPhase;
			buildActionMask = 2147483647;
			files = (
			);
			runOnlyForDeploymentPostprocessing = 0;
		};
/* End PBXFrameworksBuildPhase section */

/* Begin PBXGroup section */
		2BE60B0C2318414600262EE1 = {
			isa = PBXGroup;
			children = (
				2BE60B172318414600262EE1 /* Tonik */,
				2BE60B2C2318414800262EE1 /* TonikTests */,
				2BE60B162318414600262EE1 /* Products */,
			);
			sourceTree = "<group>";
		};
		2BE60B162318414600262EE1 /* Products */ = {
			isa = PBXGroup;
			children = (
				2BE60B152318414600262EE1 /* Tonik.app */,
				2BE60B292318414800262EE1 /* TonikTests.xctest */,
			);
			name = Products;
			sourceTree = "<group>";
		};
		2BE60B172318414600262EE1 /* Tonik */ = {
			isa = PBXGroup;
			children = (
				2BE60B182318414600262EE1 /* AppDelegate.swift */,
				2BE60B1A2318414600262EE1 /* ViewController.swift */,
				2BE60B1F2318414800262EE1 /* Assets.xcassets */,
				2BE60B212318414800262EE1 /* LaunchScreen.storyboard */,
				2BE60B242318414800262EE1 /* Info.plist */,
			);
			path = Tonik;
			sourceTree = "<group>";
		};
		2BE60B2C2318414800262EE1 /* TonikTests */ = {
			isa = PBXGroup;
			children = (
				2BE60B2D2318414800262EE1 /* TonikTests.swift */,
				2BE60B2F2318414800262EE1 /* Info.plist */,
			);
			path = TonikTests;
			sourceTree = "<group>";
		};
/* End PBXGroup section */

/* Begin PBXNativeTarget section */
		2BE60B142318414600262EE1 /* Tonik */ = {
			isa = PBXNativeTarget;
			buildConfigurationList = 2BE60B322318414800262EE1 /* Build configuration list for PBXNativeTarget "Tonik" */;
			buildPhases = (
				2BE60B112318414600262EE1 /* Sources */,
				2BE60B122318414600262EE1 /* Frameworks */,
				2BE60B132318414600262EE1 /* Resources */,
			);
			buildRules = (
			);
			dependencies = (
			);
			name = Tonik;
			productName = Tonik;
			productReference = 2BE60B152318414600262EE1 /* Tonik.app */;
			productType = "com.apple.product-type.application";
		};
		2BE60B282318414800262EE1 /* TonikTests */ = {
			isa = PBXNativeTarget;
			buildConfigurationList = 2BE60B352318414800262EE1 /* Build configuration list for PBXNativeTarget "TonikTests" */;
			buildPhases = (
				2BE60B252318414800262EE1 /* Sources */,
				2BE60B262318414800262EE1 /* Frameworks */,
				2BE60B272318414800262EE1 /* Resources */,
			);
			buildRules = (
			);
			dependencies = (
				2BE60B2B2318414800262EE1 /* PBXTargetDependency */,
			);
			name = TonikTests;
			productName = TonikTests;
			productReference = 2BE60B292318414800262EE1 /* TonikTests.xctest */;
			productType = "com.apple.product-type.bundle.unit-test";
		};
/* End PBXNativeTarget section */

/* Begin PBXProject section */
		2BE60B0D2318414600262EE1 /* Project object */ = {
			isa = PBXProject;
			attributes = {
				LastSwiftUpdateCheck = 1030;
				LastUpgradeCheck = 1030;
				ORGANIZATIONNAME = HazeWritesCode;
				TargetAttributes = {
					2BE60B142318414600262EE1 = {
						CreatedOnToolsVersion = 10.3;
					};
					2BE60B282318414800262EE1 = {
						CreatedOnToolsVersion = 10.3;
						TestTargetID = 2BE60B142318414600262EE1;
					};
				};
			};
			buildConfigurationList = 2BE60B102318414600262EE1 /* Build configuration list for PBXProject "Tonik" */;
			compatibilityVersion = "Xcode 9.3";
			developmentRegion = en;
			hasScannedForEncodings = 0;
			knownRegions = (
				en,
				Base,
			);
			mainGroup = 2BE60B0C2318414600262EE1;
			productRefGroup = 2BE60B162318414600262EE1 /* Products */;
			projectDirPath = "";
			projectRoot = "";
			targets = (
				2BE60B142318414600262EE1 /* Tonik */,
				2BE60B282318414800262EE1 /* TonikTests */,
			);
		};
/* End PBXProject section */

/* Begin PBXResourcesBuildPhase section */
		2BE60B132318414600262EE1 /* Resources */ = {
			isa = PBXResourcesBuildPhase;
			buildActionMask = 2147483647;
			files = (
				2BE60B232318414800262EE1 /* LaunchScreen.storyboard in Resources */,
				2BE60B202318414800262EE1 /* Assets.xcassets in Resources */,
			);
			runOnlyForDeploymentPostprocessing = 0;
		};
		2BE60B272318414800262EE1 /* Resources */ = {
			isa = PBXResourcesBuildPhase;
			buildActionMask = 2147483647;
			files = (
			);
			runOnlyForDeploymentPostprocessing = 0;
		};
/* End PBXResourcesBuildPhase section */

/* Begin PBXSourcesBuildPhase section */
		2BE60B112318414600262EE1 /* Sources */ = {
			isa = PBXSourcesBuildPhase;
			buildActionMask = 2147483647;
			files = (
				2BE60B1B2318414600262EE1 /* ViewController.swift in Sources */,
				2BE60B192318414600262EE1 /* AppDelegate.swift in Sources */,
			);
			runOnlyForDeploymentPostprocessing = 0;
		};
		2BE60B252318414800262EE1 /* Sources */ = {
			isa = PBXSourcesBuildPhase;
			buildActionMask = 2147483647;
			files = (
				2BE60B2E2318414800262EE1 /* TonikTests.swift in Sources */,
			);
			runOnlyForDeploymentPostprocessing = 0;
		};
/* End PBXSourcesBuildPhase section */

/* Begin PBXTargetDependency section */
		2BE60B2B2318414800262EE1 /* PBXTargetDependency */ = {
			isa = PBXTargetDependency;
			target = 2BE60B142318414600262EE1 /* Tonik */;
			targetProxy = 2BE60B2A2318414800262EE1 /* PBXContainerItemProxy */;
		};
/* End PBXTargetDependency section */

/* Begin PBXVariantGroup section */
		2BE60B212318414800262EE1 /* LaunchScreen.storyboard */ = {
			isa = PBXVariantGroup;
			children = (
				2BE60B222318414800262EE1 /* Base */,
			);
			name = LaunchScreen.storyboard;
			sourceTree = "<group>";
		};
/* End PBXVariantGroup section */

/* Begin XCBuildConfiguration section */
		2BE60B302318414800262EE1 /* Debug */ = {
			isa = XCBuildConfiguration;
			buildSettings = {
				ALWAYS_SEARCH_USER_PATHS = NO;
				CLANG_ANALYZER_NONNULL = YES;
				CLANG_ANALYZER_NUMBER_OBJECT_CONVERSION = YES_AGGRESSIVE;
				CLANG_CXX_LANGUAGE_STANDARD = "gnu++14";
				CLANG_CXX_LIBRARY = "libc++";
				CLANG_ENABLE_MODULES = YES;
				CLANG_ENABLE_OBJC_ARC = YES;
				CLANG_ENABLE_OBJC_WEAK = YES;
				CLANG_WARN_BLOCK_CAPTURE_AUTORELEASING = YES;
				CLANG_WARN_BOOL_CONVERSION = YES;
				CLANG_WARN_COMMA = YES;
				CLANG_WARN_CONSTANT_CONVERSION = YES;
				CLANG_WARN_DEPRECATED_OBJC_IMPLEMENTATIONS = YES;
				CLANG_WARN_DIRECT_OBJC_ISA_USAGE = YES_ERROR;
				CLANG_WARN_DOCUMENTATION_COMMENTS = YES;
				CLANG_WARN_EMPTY_BODY = YES;
				CLANG_WARN_ENUM_CONVERSION = YES;
				CLANG_WARN_INFINITE_RECURSION = YES;
				CLANG_WARN_INT_CONVERSION = YES;
				CLANG_WARN_NON_LITERAL_NULL_CONVERSION = YES;
				CLANG_WARN_OBJC_IMPLICIT_RETAIN_SELF = YES;
				CLANG_WARN_OBJC_LITERAL_CONVERSION = YES;
				CLANG_WARN_OBJC_ROOT_CLASS = YES_ERROR;
				CLANG_WARN_RANGE_LOOP_ANALYSIS = YES;
				CLANG_WARN_STRICT_PROTOTYPES = YES;
				CLANG_WARN_SUSPICIOUS_MOVE = YES;
				CLANG_WARN_UNGUARDED_AVAILABILITY = YES_AGGRESSIVE;
				CLANG_WARN_UNREACHABLE_CODE = YES;
				CLANG_WARN__DUPLICATE_METHOD_MATCH = YES;
				CODE_SIGN_IDENTITY = "iPhone Developer";
				COPY_PHASE_STRIP = NO;
				DEBUG_INFORMATION_FORMAT = dwarf;
				ENABLE_STRICT_OBJC_MSGSEND = YES;
				ENABLE_TESTABILITY = YES;
				GCC_C_LANGUAGE_STANDARD = gnu11;
				GCC_DYNAMIC_NO_PIC = NO;
				GCC_NO_COMMON_BLOCKS = YES;
				GCC_OPTIMIZATION_LEVEL = 0;
				GCC_PREPROCESSOR_DEFINITIONS = (
					"DEBUG=1",
					"$(inherited)",
				);
				GCC_WARN_64_TO_32_BIT_CONVERSION = YES;
				GCC_WARN_ABOUT_RETURN_TYPE = YES_ERROR;
				GCC_WARN_UNDECLARED_SELECTOR = YES;
				GCC_WARN_UNINITIALIZED_AUTOS = YES_AGGRESSIVE;
				GCC_WARN_UNUSED_FUNCTION = YES;
				GCC_WARN_UNUSED_VARIABLE = YES;
				IPHONEOS_DEPLOYMENT_TARGET = 12.4;
				MTL_ENABLE_DEBUG_INFO = INCLUDE_SOURCE;
				MTL_FAST_MATH = YES;
				ONLY_ACTIVE_ARCH = YES;
				SDKROOT = iphoneos;
				SWIFT_ACTIVE_COMPILATION_CONDITIONS = DEBUG;
				SWIFT_OPTIMIZATION_LEVEL = "-Onone";
			};
			name = Debug;
		};
		2BE60B312318414800262EE1 /* Release */ = {
			isa = XCBuildConfiguration;
			buildSettings = {
				ALWAYS_SEARCH_USER_PATHS = NO;
				CLANG_ANALYZER_NONNULL = YES;
				CLANG_ANALYZER_NUMBER_OBJECT_CONVERSION = YES_AGGRESSIVE;
				CLANG_CXX_LANGUAGE_STANDARD = "gnu++14";
				CLANG_CXX_LIBRARY = "libc++";
				CLANG_ENABLE_MODULES = YES;
				CLANG_ENABLE_OBJC_ARC = YES;
				CLANG_ENABLE_OBJC_WEAK = YES;
				CLANG_WARN_BLOCK_CAPTURE_AUTORELEASING = YES;
				CLANG_WARN_BOOL_CONVERSION = YES;
				CLANG_WARN_COMMA = YES;
				CLANG_WARN_CONSTANT_CONVERSION = YES;
				CLANG_WARN_DEPRECATED_OBJC_IMPLEMENTATIONS = YES;
				CLANG_WARN_DIRECT_OBJC_ISA_USAGE = YES_ERROR;
				CLANG_WARN_DOCUMENTATION_COMMENTS = YES;
				CLANG_WARN_EMPTY_BODY = YES;
				CLANG_WARN_ENUM_CONVERSION = YES;
				CLANG_WARN_INFINITE_RECURSION = YES;
				CLANG_WARN_INT_CONVERSION = YES;
				CLANG_WARN_NON_LITERAL_NULL_CONVERSION = YES;
				CLANG_WARN_OBJC_IMPLICIT_RETAIN_SELF = YES;
				CLANG_WARN_OBJC_LITERAL_CONVERSION = YES;
				CLANG_WARN_OBJC_ROOT_CLASS = YES_ERROR;
				CLANG_WARN_RANGE_LOOP_ANALYSIS = YES;
				CLANG_WARN_STRICT_PROTOTYPES = YES;
				CLANG_WARN_SUSPICIOUS_MOVE = YES;
				CLANG_WARN_UNGUARDED_AVAILABILITY = YES_AGGRESSIVE;
				CLANG_WARN_UNREACHABLE_CODE = YES;
				CLANG_WARN__DUPLICATE_METHOD_MATCH = YES;
				CODE_SIGN_IDENTITY = "iPhone Developer";
				COPY_PHASE_STRIP = NO;
				DEBUG_INFORMATION_FORMAT = "dwarf-with-dsym";
				ENABLE_NS_ASSERTIONS = NO;
				ENABLE_STRICT_OBJC_MSGSEND = YES;
				GCC_C_LANGUAGE_STANDARD = gnu11;
				GCC_NO_COMMON_BLOCKS = YES;
				GCC_WARN_64_TO_32_BIT_CONVERSION = YES;
				GCC_WARN_ABOUT_RETURN_TYPE = YES_ERROR;
				GCC_WARN_UNDECLARED_SELECTOR = YES;
				GCC_WARN_UNINITIALIZED_AUTOS = YES_AGGRESSIVE;
				GCC_WARN_UNUSED_FUNCTION = YES;
				GCC_WARN_UNUSED_VARIABLE = YES;
				IPHONEOS_DEPLOYMENT_TARGET = 12.4;
				MTL_ENABLE_DEBUG_INFO = NO;
				MTL_FAST_MATH = YES;
				SDKROOT = iphoneos;
				SWIFT_COMPILATION_MODE = wholemodule;
				SWIFT_OPTIMIZATION_LEVEL = "-O";
				VALIDATE_PRODUCT = YES;
			};
			name = Release;
		};
		2BE60B332318414800262EE1 /* Debug */ = {
			isa = XCBuildConfiguration;
			buildSettings = {
				ASSETCATALOG_COMPILER_APPICON_NAME = AppIcon;
				CODE_SIGN_STYLE = Automatic;
				DEVELOPMENT_TEAM = 2D25YZNJAC;
				INFOPLIST_FILE = Tonik/Info.plist;
				LD_RUNPATH_SEARCH_PATHS = (
					"$(inherited)",
					"@executable_path/Frameworks",
				);
				PRODUCT_BUNDLE_IDENTIFIER = HazeWritesCode.Project.Tonik;
				PRODUCT_NAME = "$(TARGET_NAME)";
				SWIFT_VERSION = 5.0;
				TARGETED_DEVICE_FAMILY = "1,2";
			};
			name = Debug;
		};
		2BE60B342318414800262EE1 /* Release */ = {
			isa = XCBuildConfiguration;
			buildSettings = {
				ASSETCATALOG_COMPILER_APPICON_NAME = AppIcon;
				CODE_SIGN_STYLE = Automatic;
				DEVELOPMENT_TEAM = 2D25YZNJAC;
				INFOPLIST_FILE = Tonik/Info.plist;
				LD_RUNPATH_SEARCH_PATHS = (
					"$(inherited)",
					"@executable_path/Frameworks",
				);
				PRODUCT_BUNDLE_IDENTIFIER = HazeWritesCode.Project.Tonik;
				PRODUCT_NAME = "$(TARGET_NAME)";
				SWIFT_VERSION = 5.0;
				TARGETED_DEVICE_FAMILY = "1,2";
			};
			name = Release;
		};
		2BE60B362318414800262EE1 /* Debug */ = {
			isa = XCBuildConfiguration;
			buildSettings = {
				ALWAYS_EMBED_SWIFT_STANDARD_LIBRARIES = YES;
				BUNDLE_LOADER = "$(TEST_HOST)";
				CODE_SIGN_STYLE = Automatic;
				DEVELOPMENT_TEAM = 4E3GPM4HDT;
				INFOPLIST_FILE = TonikTests/Info.plist;
				LD_RUNPATH_SEARCH_PATHS = (
					"$(inherited)",
					"@executable_path/Frameworks",
					"@loader_path/Frameworks",
				);
				PRODUCT_BUNDLE_IDENTIFIER = HazeWritesCode.Project.TonikTests;
				PRODUCT_NAME = "$(TARGET_NAME)";
				SWIFT_VERSION = 5.0;
				TARGETED_DEVICE_FAMILY = "1,2";
				TEST_HOST = "$(BUILT_PRODUCTS_DIR)/Tonik.app/Tonik";
			};
			name = Debug;
		};
		2BE60B372318414800262EE1 /* Release */ = {
			isa = XCBuildConfiguration;
			buildSettings = {
				ALWAYS_EMBED_SWIFT_STANDARD_LIBRARIES = YES;
				BUNDLE_LOADER = "$(TEST_HOST)";
				CODE_SIGN_STYLE = Automatic;
				DEVELOPMENT_TEAM = 4E3GPM4HDT;
				INFOPLIST_FILE = TonikTests/Info.plist;
				LD_RUNPATH_SEARCH_PATHS = (
					"$(inherited)",
					"@executable_path/Frameworks",
					"@loader_path/Frameworks",
				);
				PRODUCT_BUNDLE_IDENTIFIER = HazeWritesCode.Project.TonikTests;
				PRODUCT_NAME = "$(TARGET_NAME)";
				SWIFT_VERSION = 5.0;
				TARGETED_DEVICE_FAMILY = "1,2";
				TEST_HOST = "$(BUILT_PRODUCTS_DIR)/Tonik.app/Tonik";
			};
			name = Release;
		};
/* End XCBuildConfiguration section */

/* Begin XCConfigurationList section */
		2BE60B102318414600262EE1 /* Build configuration list for PBXProject "Tonik" */ = {
			isa = XCConfigurationList;
			buildConfigurations = (
				2BE60B302318414800262EE1 /* Debug */,
				2BE60B312318414800262EE1 /* Release */,
			);
			defaultConfigurationIsVisible = 0;
			defaultConfigurationName = Release;
		};
		2BE60B322318414800262EE1 /* Build configuration list for PBXNativeTarget "Tonik" */ = {
			isa = XCConfigurationList;
			buildConfigurations = (
				2BE60B332318414800262EE1 /* Debug */,
				2BE60B342318414800262EE1 /* Release */,
			);
			defaultConfigurationIsVisible = 0;
			defaultConfigurationName = Release;
		};
		2BE60B352318414800262EE1 /* Build configuration list for PBXNativeTarget "TonikTests" */ = {
			isa = XCConfigurationList;
			buildConfigurations = (
				2BE60B362318414800262EE1 /* Debug */,
				2BE60B372318414800262EE1 /* Release */,
			);
			defaultConfigurationIsVisible = 0;
			defaultConfigurationName = Release;
		};
/* End XCConfigurationList section */
	};
	rootObject = 2BE60B0D2318414600262EE1 /* Project object */;
}
